// !$*UTF8*$!
{
	archiveVersion = 1;
	classes = {
	};
	objectVersion = 51;
	objects = {

/* Begin PBXBuildFile section */
		3587F8B423D7057300A90BDA /* GoogleService-Info.plist in Resources */ = {isa = PBXBuildFile; fileRef = 3587F8B323D7057300A90BDA /* GoogleService-Info.plist */; };
		3BE65A1D8558DF4D8439E4A5 /* Pods_projetIOS.framework in Frameworks */ = {isa = PBXBuildFile; fileRef = D10878FAFA5B6BC7479F7156 /* Pods_projetIOS.framework */; };
		65CC116C962164F0EE7E7112 /* Pods_projetIOS_projetIOSUITests.framework in Frameworks */ = {isa = PBXBuildFile; fileRef = A82309C315D34DF73B8AB01D /* Pods_projetIOS_projetIOSUITests.framework */; };
		C6F29F3DD814D7C55D2E07F7 /* Pods_projetIOSTests.framework in Frameworks */ = {isa = PBXBuildFile; fileRef = 4B396DAFE2B17158E8B01F75 /* Pods_projetIOSTests.framework */; };
		EC54B24723D6FB7700E72341 /* AppDelegate.swift in Sources */ = {isa = PBXBuildFile; fileRef = EC54B24623D6FB7700E72341 /* AppDelegate.swift */; };
		EC54B24923D6FB7700E72341 /* SceneDelegate.swift in Sources */ = {isa = PBXBuildFile; fileRef = EC54B24823D6FB7700E72341 /* SceneDelegate.swift */; };
		EC54B24B23D6FB7700E72341 /* ViewController.swift in Sources */ = {isa = PBXBuildFile; fileRef = EC54B24A23D6FB7700E72341 /* ViewController.swift */; };
		EC54B24E23D6FB7700E72341 /* Main.storyboard in Resources */ = {isa = PBXBuildFile; fileRef = EC54B24C23D6FB7700E72341 /* Main.storyboard */; };
		EC54B25023D6FB7800E72341 /* Assets.xcassets in Resources */ = {isa = PBXBuildFile; fileRef = EC54B24F23D6FB7800E72341 /* Assets.xcassets */; };
		EC54B25323D6FB7800E72341 /* LaunchScreen.storyboard in Resources */ = {isa = PBXBuildFile; fileRef = EC54B25123D6FB7800E72341 /* LaunchScreen.storyboard */; };
		EC54B25E23D6FB7900E72341 /* projetIOSTests.swift in Sources */ = {isa = PBXBuildFile; fileRef = EC54B25D23D6FB7900E72341 /* projetIOSTests.swift */; };
		EC54B26923D6FB7900E72341 /* projetIOSUITests.swift in Sources */ = {isa = PBXBuildFile; fileRef = EC54B26823D6FB7900E72341 /* projetIOSUITests.swift */; };
		ECAA6C2523D7149400B7D92F /* Pokemon.swift in Sources */ = {isa = PBXBuildFile; fileRef = ECAA6C2423D7149400B7D92F /* Pokemon.swift */; };
		ECAA6C2723D7409100B7D92F /* PokemoncellTableViewCell.swift in Sources */ = {isa = PBXBuildFile; fileRef = ECAA6C2623D7409100B7D92F /* PokemoncellTableViewCell.swift */; };
/* End PBXBuildFile section */

/* Begin PBXContainerItemProxy section */
		EC54B25A23D6FB7900E72341 /* PBXContainerItemProxy */ = {
			isa = PBXContainerItemProxy;
			containerPortal = EC54B23B23D6FB7600E72341 /* Project object */;
			proxyType = 1;
			remoteGlobalIDString = EC54B24223D6FB7600E72341;
			remoteInfo = projetIOS;
		};
		EC54B26523D6FB7900E72341 /* PBXContainerItemProxy */ = {
			isa = PBXContainerItemProxy;
			containerPortal = EC54B23B23D6FB7600E72341 /* Project object */;
			proxyType = 1;
			remoteGlobalIDString = EC54B24223D6FB7600E72341;
			remoteInfo = projetIOS;
		};
/* End PBXContainerItemProxy section */

/* Begin PBXFileReference section */
		1664D47220FB04339E46104D /* Pods-projetIOS.release.xcconfig */ = {isa = PBXFileReference; includeInIndex = 1; lastKnownFileType = text.xcconfig; name = "Pods-projetIOS.release.xcconfig"; path = "Target Support Files/Pods-projetIOS/Pods-projetIOS.release.xcconfig"; sourceTree = "<group>"; };
		2CCE900720C99C4489F5648D /* Pods-projetIOSTests.debug.xcconfig */ = {isa = PBXFileReference; includeInIndex = 1; lastKnownFileType = text.xcconfig; name = "Pods-projetIOSTests.debug.xcconfig"; path = "Target Support Files/Pods-projetIOSTests/Pods-projetIOSTests.debug.xcconfig"; sourceTree = "<group>"; };
		3587F8B323D7057300A90BDA /* GoogleService-Info.plist */ = {isa = PBXFileReference; fileEncoding = 4; lastKnownFileType = text.plist.xml; name = "GoogleService-Info.plist"; path = "../../GoogleService-Info.plist"; sourceTree = "<group>"; };
		4B396DAFE2B17158E8B01F75 /* Pods_projetIOSTests.framework */ = {isa = PBXFileReference; explicitFileType = wrapper.framework; includeInIndex = 0; path = Pods_projetIOSTests.framework; sourceTree = BUILT_PRODUCTS_DIR; };
		84A9D7D5711EB15CC4CBCBC7 /* Pods-projetIOS.debug.xcconfig */ = {isa = PBXFileReference; includeInIndex = 1; lastKnownFileType = text.xcconfig; name = "Pods-projetIOS.debug.xcconfig"; path = "Target Support Files/Pods-projetIOS/Pods-projetIOS.debug.xcconfig"; sourceTree = "<group>"; };
		8A6D1109703824A1497C06BB /* Pods-projetIOSTests.release.xcconfig */ = {isa = PBXFileReference; includeInIndex = 1; lastKnownFileType = text.xcconfig; name = "Pods-projetIOSTests.release.xcconfig"; path = "Target Support Files/Pods-projetIOSTests/Pods-projetIOSTests.release.xcconfig"; sourceTree = "<group>"; };
		A82309C315D34DF73B8AB01D /* Pods_projetIOS_projetIOSUITests.framework */ = {isa = PBXFileReference; explicitFileType = wrapper.framework; includeInIndex = 0; path = Pods_projetIOS_projetIOSUITests.framework; sourceTree = BUILT_PRODUCTS_DIR; };
		BD4058CA7DCEEB280B651A7E /* Pods-projetIOS-projetIOSUITests.debug.xcconfig */ = {isa = PBXFileReference; includeInIndex = 1; lastKnownFileType = text.xcconfig; name = "Pods-projetIOS-projetIOSUITests.debug.xcconfig"; path = "Target Support Files/Pods-projetIOS-projetIOSUITests/Pods-projetIOS-projetIOSUITests.debug.xcconfig"; sourceTree = "<group>"; };
		D10878FAFA5B6BC7479F7156 /* Pods_projetIOS.framework */ = {isa = PBXFileReference; explicitFileType = wrapper.framework; includeInIndex = 0; path = Pods_projetIOS.framework; sourceTree = BUILT_PRODUCTS_DIR; };
		DF54CBCEF157BEEEB2BE54EB /* Pods-projetIOS-projetIOSUITests.release.xcconfig */ = {isa = PBXFileReference; includeInIndex = 1; lastKnownFileType = text.xcconfig; name = "Pods-projetIOS-projetIOSUITests.release.xcconfig"; path = "Target Support Files/Pods-projetIOS-projetIOSUITests/Pods-projetIOS-projetIOSUITests.release.xcconfig"; sourceTree = "<group>"; };
		EC54B24323D6FB7600E72341 /* projetIOS.app */ = {isa = PBXFileReference; explicitFileType = wrapper.application; includeInIndex = 0; path = projetIOS.app; sourceTree = BUILT_PRODUCTS_DIR; };
		EC54B24623D6FB7700E72341 /* AppDelegate.swift */ = {isa = PBXFileReference; lastKnownFileType = sourcecode.swift; path = AppDelegate.swift; sourceTree = "<group>"; };
		EC54B24823D6FB7700E72341 /* SceneDelegate.swift */ = {isa = PBXFileReference; lastKnownFileType = sourcecode.swift; path = SceneDelegate.swift; sourceTree = "<group>"; };
		EC54B24A23D6FB7700E72341 /* ViewController.swift */ = {isa = PBXFileReference; lastKnownFileType = sourcecode.swift; path = ViewController.swift; sourceTree = "<group>"; };
		EC54B24D23D6FB7700E72341 /* Base */ = {isa = PBXFileReference; lastKnownFileType = file.storyboard; name = Base; path = Base.lproj/Main.storyboard; sourceTree = "<group>"; };
		EC54B24F23D6FB7800E72341 /* Assets.xcassets */ = {isa = PBXFileReference; lastKnownFileType = folder.assetcatalog; path = Assets.xcassets; sourceTree = "<group>"; };
		EC54B25223D6FB7800E72341 /* Base */ = {isa = PBXFileReference; lastKnownFileType = file.storyboard; name = Base; path = Base.lproj/LaunchScreen.storyboard; sourceTree = "<group>"; };
		EC54B25423D6FB7800E72341 /* Info.plist */ = {isa = PBXFileReference; lastKnownFileType = text.plist.xml; path = Info.plist; sourceTree = "<group>"; };
		EC54B25923D6FB7900E72341 /* projetIOSTests.xctest */ = {isa = PBXFileReference; explicitFileType = wrapper.cfbundle; includeInIndex = 0; path = projetIOSTests.xctest; sourceTree = BUILT_PRODUCTS_DIR; };
		EC54B25D23D6FB7900E72341 /* projetIOSTests.swift */ = {isa = PBXFileReference; lastKnownFileType = sourcecode.swift; path = projetIOSTests.swift; sourceTree = "<group>"; };
		EC54B25F23D6FB7900E72341 /* Info.plist */ = {isa = PBXFileReference; lastKnownFileType = text.plist.xml; path = Info.plist; sourceTree = "<group>"; };
		EC54B26423D6FB7900E72341 /* projetIOSUITests.xctest */ = {isa = PBXFileReference; explicitFileType = wrapper.cfbundle; includeInIndex = 0; path = projetIOSUITests.xctest; sourceTree = BUILT_PRODUCTS_DIR; };
		EC54B26823D6FB7900E72341 /* projetIOSUITests.swift */ = {isa = PBXFileReference; lastKnownFileType = sourcecode.swift; path = projetIOSUITests.swift; sourceTree = "<group>"; };
		EC54B26A23D6FB7900E72341 /* Info.plist */ = {isa = PBXFileReference; lastKnownFileType = text.plist.xml; path = Info.plist; sourceTree = "<group>"; };
		ECAA6C2423D7149400B7D92F /* Pokemon.swift */ = {isa = PBXFileReference; lastKnownFileType = sourcecode.swift; path = Pokemon.swift; sourceTree = "<group>"; };
		ECAA6C2623D7409100B7D92F /* PokemoncellTableViewCell.swift */ = {isa = PBXFileReference; lastKnownFileType = sourcecode.swift; path = PokemoncellTableViewCell.swift; sourceTree = "<group>"; };
/* End PBXFileReference section */

/* Begin PBXFrameworksBuildPhase section */
		EC54B24023D6FB7600E72341 /* Frameworks */ = {
			isa = PBXFrameworksBuildPhase;
			buildActionMask = 2147483647;
			files = (
				3BE65A1D8558DF4D8439E4A5 /* Pods_projetIOS.framework in Frameworks */,
			);
			runOnlyForDeploymentPostprocessing = 0;
		};
		EC54B25623D6FB7900E72341 /* Frameworks */ = {
			isa = PBXFrameworksBuildPhase;
			buildActionMask = 2147483647;
			files = (
				C6F29F3DD814D7C55D2E07F7 /* Pods_projetIOSTests.framework in Frameworks */,
			);
			runOnlyForDeploymentPostprocessing = 0;
		};
		EC54B26123D6FB7900E72341 /* Frameworks */ = {
			isa = PBXFrameworksBuildPhase;
			buildActionMask = 2147483647;
			files = (
				65CC116C962164F0EE7E7112 /* Pods_projetIOS_projetIOSUITests.framework in Frameworks */,
			);
			runOnlyForDeploymentPostprocessing = 0;
		};
/* End PBXFrameworksBuildPhase section */

/* Begin PBXGroup section */
		635DEA548F71408012C4EDD6 /* Frameworks */ = {
			isa = PBXGroup;
			children = (
				D10878FAFA5B6BC7479F7156 /* Pods_projetIOS.framework */,
				A82309C315D34DF73B8AB01D /* Pods_projetIOS_projetIOSUITests.framework */,
				4B396DAFE2B17158E8B01F75 /* Pods_projetIOSTests.framework */,
			);
			name = Frameworks;
			sourceTree = "<group>";
		};
		BE21EB919DE947E9EC2CB4B3 /* Pods */ = {
			isa = PBXGroup;
			children = (
				84A9D7D5711EB15CC4CBCBC7 /* Pods-projetIOS.debug.xcconfig */,
				1664D47220FB04339E46104D /* Pods-projetIOS.release.xcconfig */,
				BD4058CA7DCEEB280B651A7E /* Pods-projetIOS-projetIOSUITests.debug.xcconfig */,
				DF54CBCEF157BEEEB2BE54EB /* Pods-projetIOS-projetIOSUITests.release.xcconfig */,
				2CCE900720C99C4489F5648D /* Pods-projetIOSTests.debug.xcconfig */,
				8A6D1109703824A1497C06BB /* Pods-projetIOSTests.release.xcconfig */,
			);
			path = Pods;
			sourceTree = "<group>";
		};
		EC54B23A23D6FB7600E72341 = {
			isa = PBXGroup;
			children = (
				EC54B24523D6FB7600E72341 /* projetIOS */,
				EC54B25C23D6FB7900E72341 /* projetIOSTests */,
				EC54B26723D6FB7900E72341 /* projetIOSUITests */,
				EC54B24423D6FB7600E72341 /* Products */,
				BE21EB919DE947E9EC2CB4B3 /* Pods */,
				635DEA548F71408012C4EDD6 /* Frameworks */,
			);
			sourceTree = "<group>";
		};
		EC54B24423D6FB7600E72341 /* Products */ = {
			isa = PBXGroup;
			children = (
				EC54B24323D6FB7600E72341 /* projetIOS.app */,
				EC54B25923D6FB7900E72341 /* projetIOSTests.xctest */,
				EC54B26423D6FB7900E72341 /* projetIOSUITests.xctest */,
			);
			name = Products;
			sourceTree = "<group>";
		};
		EC54B24523D6FB7600E72341 /* projetIOS */ = {
			isa = PBXGroup;
			children = (
				EC54B24623D6FB7700E72341 /* AppDelegate.swift */,
				EC54B24823D6FB7700E72341 /* SceneDelegate.swift */,
				EC54B24A23D6FB7700E72341 /* ViewController.swift */,
				EC54B24C23D6FB7700E72341 /* Main.storyboard */,
				EC54B24F23D6FB7800E72341 /* Assets.xcassets */,
				EC54B25123D6FB7800E72341 /* LaunchScreen.storyboard */,
				EC54B25423D6FB7800E72341 /* Info.plist */,
				3587F8B323D7057300A90BDA /* GoogleService-Info.plist */,
				ECAA6C2423D7149400B7D92F /* Pokemon.swift */,
				ECAA6C2623D7409100B7D92F /* PokemoncellTableViewCell.swift */,
			);
			path = projetIOS;
			sourceTree = "<group>";
		};
		EC54B25C23D6FB7900E72341 /* projetIOSTests */ = {
			isa = PBXGroup;
			children = (
				EC54B25D23D6FB7900E72341 /* projetIOSTests.swift */,
				EC54B25F23D6FB7900E72341 /* Info.plist */,
			);
			path = projetIOSTests;
			sourceTree = "<group>";
		};
		EC54B26723D6FB7900E72341 /* projetIOSUITests */ = {
			isa = PBXGroup;
			children = (
				EC54B26823D6FB7900E72341 /* projetIOSUITests.swift */,
				EC54B26A23D6FB7900E72341 /* Info.plist */,
			);
			path = projetIOSUITests;
			sourceTree = "<group>";
		};
/* End PBXGroup section */

/* Begin PBXNativeTarget section */
		EC54B24223D6FB7600E72341 /* projetIOS */ = {
			isa = PBXNativeTarget;
			buildConfigurationList = EC54B26D23D6FB7900E72341 /* Build configuration list for PBXNativeTarget "projetIOS" */;
			buildPhases = (
				C0A4B94F57ABF09D2E962E8C /* [CP] Check Pods Manifest.lock */,
				EC54B23F23D6FB7600E72341 /* Sources */,
				EC54B24023D6FB7600E72341 /* Frameworks */,
				EC54B24123D6FB7600E72341 /* Resources */,
				4D787AF6615DB69FD68BEF22 /* [CP] Embed Pods Frameworks */,
				3587F8B223D7046000A90BDA /* ShellScript */,
			);
			buildRules = (
			);
			dependencies = (
			);
			name = projetIOS;
			productName = projetIOS;
			productReference = EC54B24323D6FB7600E72341 /* projetIOS.app */;
			productType = "com.apple.product-type.application";
		};
		EC54B25823D6FB7900E72341 /* projetIOSTests */ = {
			isa = PBXNativeTarget;
			buildConfigurationList = EC54B27023D6FB7900E72341 /* Build configuration list for PBXNativeTarget "projetIOSTests" */;
			buildPhases = (
				15EF77A317C3E9F1BECAE69B /* [CP] Check Pods Manifest.lock */,
				EC54B25523D6FB7900E72341 /* Sources */,
				EC54B25623D6FB7900E72341 /* Frameworks */,
				EC54B25723D6FB7900E72341 /* Resources */,
			);
			buildRules = (
			);
			dependencies = (
				EC54B25B23D6FB7900E72341 /* PBXTargetDependency */,
			);
			name = projetIOSTests;
			productName = projetIOSTests;
			productReference = EC54B25923D6FB7900E72341 /* projetIOSTests.xctest */;
			productType = "com.apple.product-type.bundle.unit-test";
		};
		EC54B26323D6FB7900E72341 /* projetIOSUITests */ = {
			isa = PBXNativeTarget;
			buildConfigurationList = EC54B27323D6FB7900E72341 /* Build configuration list for PBXNativeTarget "projetIOSUITests" */;
			buildPhases = (
				CFB2C8230ED7962F23F61FBA /* [CP] Check Pods Manifest.lock */,
				EC54B26023D6FB7900E72341 /* Sources */,
				EC54B26123D6FB7900E72341 /* Frameworks */,
				EC54B26223D6FB7900E72341 /* Resources */,
				0DBDFC23C5E03905A54ED147 /* [CP] Embed Pods Frameworks */,
			);
			buildRules = (
			);
			dependencies = (
				EC54B26623D6FB7900E72341 /* PBXTargetDependency */,
			);
			name = projetIOSUITests;
			productName = projetIOSUITests;
			productReference = EC54B26423D6FB7900E72341 /* projetIOSUITests.xctest */;
			productType = "com.apple.product-type.bundle.ui-testing";
		};
/* End PBXNativeTarget section */

/* Begin PBXProject section */
		EC54B23B23D6FB7600E72341 /* Project object */ = {
			isa = PBXProject;
			attributes = {
				LastSwiftUpdateCheck = 1130;
				LastUpgradeCheck = 1130;
				ORGANIZATIONNAME = etudiant;
				TargetAttributes = {
					EC54B24223D6FB7600E72341 = {
						CreatedOnToolsVersion = 11.3.1;
					};
					EC54B25823D6FB7900E72341 = {
						CreatedOnToolsVersion = 11.3.1;
						TestTargetID = EC54B24223D6FB7600E72341;
					};
					EC54B26323D6FB7900E72341 = {
						CreatedOnToolsVersion = 11.3.1;
						TestTargetID = EC54B24223D6FB7600E72341;
					};
				};
			};
			buildConfigurationList = EC54B23E23D6FB7600E72341 /* Build configuration list for PBXProject "projetIOS" */;
			compatibilityVersion = "Xcode 9.3";
			developmentRegion = en;
			hasScannedForEncodings = 0;
			knownRegions = (
				en,
				Base,
			);
			mainGroup = EC54B23A23D6FB7600E72341;
			productRefGroup = EC54B24423D6FB7600E72341 /* Products */;
			projectDirPath = "";
			projectRoot = "";
			targets = (
				EC54B24223D6FB7600E72341 /* projetIOS */,
				EC54B25823D6FB7900E72341 /* projetIOSTests */,
				EC54B26323D6FB7900E72341 /* projetIOSUITests */,
			);
		};
/* End PBXProject section */

/* Begin PBXResourcesBuildPhase section */
		EC54B24123D6FB7600E72341 /* Resources */ = {
			isa = PBXResourcesBuildPhase;
			buildActionMask = 2147483647;
			files = (
				EC54B25323D6FB7800E72341 /* LaunchScreen.storyboard in Resources */,
				3587F8B423D7057300A90BDA /* GoogleService-Info.plist in Resources */,
				EC54B25023D6FB7800E72341 /* Assets.xcassets in Resources */,
				EC54B24E23D6FB7700E72341 /* Main.storyboard in Resources */,
			);
			runOnlyForDeploymentPostprocessing = 0;
		};
		EC54B25723D6FB7900E72341 /* Resources */ = {
			isa = PBXResourcesBuildPhase;
			buildActionMask = 2147483647;
			files = (
			);
			runOnlyForDeploymentPostprocessing = 0;
		};
		EC54B26223D6FB7900E72341 /* Resources */ = {
			isa = PBXResourcesBuildPhase;
			buildActionMask = 2147483647;
			files = (
			);
			runOnlyForDeploymentPostprocessing = 0;
		};
/* End PBXResourcesBuildPhase section */

/* Begin PBXShellScriptBuildPhase section */
		0DBDFC23C5E03905A54ED147 /* [CP] Embed Pods Frameworks */ = {
			isa = PBXShellScriptBuildPhase;
			buildActionMask = 2147483647;
			files = (
			);
			inputFileListPaths = (
				"${PODS_ROOT}/Target Support Files/Pods-projetIOS-projetIOSUITests/Pods-projetIOS-projetIOSUITests-frameworks-${CONFIGURATION}-input-files.xcfilelist",
			);
			name = "[CP] Embed Pods Frameworks";
			outputFileListPaths = (
				"${PODS_ROOT}/Target Support Files/Pods-projetIOS-projetIOSUITests/Pods-projetIOS-projetIOSUITests-frameworks-${CONFIGURATION}-output-files.xcfilelist",
			);
			runOnlyForDeploymentPostprocessing = 0;
			shellPath = /bin/sh;
			shellScript = "\"${PODS_ROOT}/Target Support Files/Pods-projetIOS-projetIOSUITests/Pods-projetIOS-projetIOSUITests-frameworks.sh\"\n";
			showEnvVarsInLog = 0;
		};
		15EF77A317C3E9F1BECAE69B /* [CP] Check Pods Manifest.lock */ = {
			isa = PBXShellScriptBuildPhase;
			buildActionMask = 2147483647;
			files = (
			);
			inputFileListPaths = (
			);
			inputPaths = (
				"${PODS_PODFILE_DIR_PATH}/Podfile.lock",
				"${PODS_ROOT}/Manifest.lock",
			);
			name = "[CP] Check Pods Manifest.lock";
			outputFileListPaths = (
			);
			outputPaths = (
				"$(DERIVED_FILE_DIR)/Pods-projetIOSTests-checkManifestLockResult.txt",
			);
			runOnlyForDeploymentPostprocessing = 0;
			shellPath = /bin/sh;
			shellScript = "diff \"${PODS_PODFILE_DIR_PATH}/Podfile.lock\" \"${PODS_ROOT}/Manifest.lock\" > /dev/null\nif [ $? != 0 ] ; then\n    # print error to STDERR\n    echo \"error: The sandbox is not in sync with the Podfile.lock. Run 'pod install' or update your CocoaPods installation.\" >&2\n    exit 1\nfi\n# This output is used by Xcode 'outputs' to avoid re-running this script phase.\necho \"SUCCESS\" > \"${SCRIPT_OUTPUT_FILE_0}\"\n";
			showEnvVarsInLog = 0;
		};
		3587F8B223D7046000A90BDA /* ShellScript */ = {
			isa = PBXShellScriptBuildPhase;
			buildActionMask = 2147483647;
			files = (
			);
			inputFileListPaths = (
			);
			inputPaths = (
				"$(SRCROOT)/$(BUILT_PRODUCTS_DIR)/$(INFOPLIST_PATH)",
			);
			outputFileListPaths = (
			);
			outputPaths = (
			);
			runOnlyForDeploymentPostprocessing = 0;
			shellPath = /bin/sh;
			shellScript = "\"${PODS_ROOT}/Fabric/run\"\n";
		};
		4D787AF6615DB69FD68BEF22 /* [CP] Embed Pods Frameworks */ = {
			isa = PBXShellScriptBuildPhase;
			buildActionMask = 2147483647;
			files = (
			);
			inputFileListPaths = (
				"${PODS_ROOT}/Target Support Files/Pods-projetIOS/Pods-projetIOS-frameworks-${CONFIGURATION}-input-files.xcfilelist",
			);
			name = "[CP] Embed Pods Frameworks";
			outputFileListPaths = (
				"${PODS_ROOT}/Target Support Files/Pods-projetIOS/Pods-projetIOS-frameworks-${CONFIGURATION}-output-files.xcfilelist",
			);
			runOnlyForDeploymentPostprocessing = 0;
			shellPath = /bin/sh;
			shellScript = "\"${PODS_ROOT}/Target Support Files/Pods-projetIOS/Pods-projetIOS-frameworks.sh\"\n";
			showEnvVarsInLog = 0;
		};
		C0A4B94F57ABF09D2E962E8C /* [CP] Check Pods Manifest.lock */ = {
			isa = PBXShellScriptBuildPhase;
			buildActionMask = 2147483647;
			files = (
			);
			inputFileListPaths = (
			);
			inputPaths = (
				"${PODS_PODFILE_DIR_PATH}/Podfile.lock",
				"${PODS_ROOT}/Manifest.lock",
			);
			name = "[CP] Check Pods Manifest.lock";
			outputFileListPaths = (
			);
			outputPaths = (
				"$(DERIVED_FILE_DIR)/Pods-projetIOS-checkManifestLockResult.txt",
			);
			runOnlyForDeploymentPostprocessing = 0;
			shellPath = /bin/sh;
			shellScript = "diff \"${PODS_PODFILE_DIR_PATH}/Podfile.lock\" \"${PODS_ROOT}/Manifest.lock\" > /dev/null\nif [ $? != 0 ] ; then\n    # print error to STDERR\n    echo \"error: The sandbox is not in sync with the Podfile.lock. Run 'pod install' or update your CocoaPods installation.\" >&2\n    exit 1\nfi\n# This output is used by Xcode 'outputs' to avoid re-running this script phase.\necho \"SUCCESS\" > \"${SCRIPT_OUTPUT_FILE_0}\"\n";
			showEnvVarsInLog = 0;
		};
		CFB2C8230ED7962F23F61FBA /* [CP] Check Pods Manifest.lock */ = {
			isa = PBXShellScriptBuildPhase;
			buildActionMask = 2147483647;
			files = (
			);
			inputFileListPaths = (
			);
			inputPaths = (
				"${PODS_PODFILE_DIR_PATH}/Podfile.lock",
				"${PODS_ROOT}/Manifest.lock",
			);
			name = "[CP] Check Pods Manifest.lock";
			outputFileListPaths = (
			);
			outputPaths = (
				"$(DERIVED_FILE_DIR)/Pods-projetIOS-projetIOSUITests-checkManifestLockResult.txt",
			);
			runOnlyForDeploymentPostprocessing = 0;
			shellPath = /bin/sh;
			shellScript = "diff \"${PODS_PODFILE_DIR_PATH}/Podfile.lock\" \"${PODS_ROOT}/Manifest.lock\" > /dev/null\nif [ $? != 0 ] ; then\n    # print error to STDERR\n    echo \"error: The sandbox is not in sync with the Podfile.lock. Run 'pod install' or update your CocoaPods installation.\" >&2\n    exit 1\nfi\n# This output is used by Xcode 'outputs' to avoid re-running this script phase.\necho \"SUCCESS\" > \"${SCRIPT_OUTPUT_FILE_0}\"\n";
			showEnvVarsInLog = 0;
		};
/* End PBXShellScriptBuildPhase section */

/* Begin PBXSourcesBuildPhase section */
		EC54B23F23D6FB7600E72341 /* Sources */ = {
			isa = PBXSourcesBuildPhase;
			buildActionMask = 2147483647;
			files = (
				ECAA6C2723D7409100B7D92F /* PokemoncellTableViewCell.swift in Sources */,
				EC54B24B23D6FB7700E72341 /* ViewController.swift in Sources */,
				ECAA6C2523D7149400B7D92F /* Pokemon.swift in Sources */,
				EC54B24723D6FB7700E72341 /* AppDelegate.swift in Sources */,
				EC54B24923D6FB7700E72341 /* SceneDelegate.swift in Sources */,
			);
			runOnlyForDeploymentPostprocessing = 0;
		};
		EC54B25523D6FB7900E72341 /* Sources */ = {
			isa = PBXSourcesBuildPhase;
			buildActionMask = 2147483647;
			files = (
				EC54B25E23D6FB7900E72341 /* projetIOSTests.swift in Sources */,
			);
			runOnlyForDeploymentPostprocessing = 0;
		};
		EC54B26023D6FB7900E72341 /* Sources */ = {
			isa = PBXSourcesBuildPhase;
			buildActionMask = 2147483647;
			files = (
				EC54B26923D6FB7900E72341 /* projetIOSUITests.swift in Sources */,
			);
			runOnlyForDeploymentPostprocessing = 0;
		};
/* End PBXSourcesBuildPhase section */

/* Begin PBXTargetDependency section */
		EC54B25B23D6FB7900E72341 /* PBXTargetDependency */ = {
			isa = PBXTargetDependency;
			target = EC54B24223D6FB7600E72341 /* projetIOS */;
			targetProxy = EC54B25A23D6FB7900E72341 /* PBXContainerItemProxy */;
		};
		EC54B26623D6FB7900E72341 /* PBXTargetDependency */ = {
			isa = PBXTargetDependency;
			target = EC54B24223D6FB7600E72341 /* projetIOS */;
			targetProxy = EC54B26523D6FB7900E72341 /* PBXContainerItemProxy */;
		};
/* End PBXTargetDependency section */

/* Begin PBXVariantGroup section */
		EC54B24C23D6FB7700E72341 /* Main.storyboard */ = {
			isa = PBXVariantGroup;
			children = (
				EC54B24D23D6FB7700E72341 /* Base */,
			);
			name = Main.storyboard;
			sourceTree = "<group>";
		};
		EC54B25123D6FB7800E72341 /* LaunchScreen.storyboard */ = {
			isa = PBXVariantGroup;
			children = (
				EC54B25223D6FB7800E72341 /* Base */,
			);
			name = LaunchScreen.storyboard;
			sourceTree = "<group>";
		};
/* End PBXVariantGroup section */

/* Begin XCBuildConfiguration section */
		EC54B26B23D6FB7900E72341 /* Debug */ = {
			isa = XCBuildConfiguration;
			buildSettings = {
				ALWAYS_SEARCH_USER_PATHS = NO;
				CLANG_ANALYZER_NONNULL = YES;
				CLANG_ANALYZER_NUMBER_OBJECT_CONVERSION = YES_AGGRESSIVE;
				CLANG_CXX_LANGUAGE_STANDARD = "gnu++14";
				CLANG_CXX_LIBRARY = "libc++";
				CLANG_ENABLE_MODULES = YES;
				CLANG_ENABLE_OBJC_ARC = YES;
				CLANG_ENABLE_OBJC_WEAK = YES;
				CLANG_WARN_BLOCK_CAPTURE_AUTORELEASING = YES;
				CLANG_WARN_BOOL_CONVERSION = YES;
				CLANG_WARN_COMMA = YES;
				CLANG_WARN_CONSTANT_CONVERSION = YES;
				CLANG_WARN_DEPRECATED_OBJC_IMPLEMENTATIONS = YES;
				CLANG_WARN_DIRECT_OBJC_ISA_USAGE = YES_ERROR;
				CLANG_WARN_DOCUMENTATION_COMMENTS = YES;
				CLANG_WARN_EMPTY_BODY = YES;
				CLANG_WARN_ENUM_CONVERSION = YES;
				CLANG_WARN_INFINITE_RECURSION = YES;
				CLANG_WARN_INT_CONVERSION = YES;
				CLANG_WARN_NON_LITERAL_NULL_CONVERSION = YES;
				CLANG_WARN_OBJC_IMPLICIT_RETAIN_SELF = YES;
				CLANG_WARN_OBJC_LITERAL_CONVERSION = YES;
				CLANG_WARN_OBJC_ROOT_CLASS = YES_ERROR;
				CLANG_WARN_RANGE_LOOP_ANALYSIS = YES;
				CLANG_WARN_STRICT_PROTOTYPES = YES;
				CLANG_WARN_SUSPICIOUS_MOVE = YES;
				CLANG_WARN_UNGUARDED_AVAILABILITY = YES_AGGRESSIVE;
				CLANG_WARN_UNREACHABLE_CODE = YES;
				CLANG_WARN__DUPLICATE_METHOD_MATCH = YES;
				COPY_PHASE_STRIP = NO;
				DEBUG_INFORMATION_FORMAT = dwarf;
				ENABLE_STRICT_OBJC_MSGSEND = YES;
				ENABLE_TESTABILITY = YES;
				GCC_C_LANGUAGE_STANDARD = gnu11;
				GCC_DYNAMIC_NO_PIC = NO;
				GCC_NO_COMMON_BLOCKS = YES;
				GCC_OPTIMIZATION_LEVEL = 0;
				GCC_PREPROCESSOR_DEFINITIONS = (
					"DEBUG=1",
					"$(inherited)",
				);
				GCC_WARN_64_TO_32_BIT_CONVERSION = YES;
				GCC_WARN_ABOUT_RETURN_TYPE = YES_ERROR;
				GCC_WARN_UNDECLARED_SELECTOR = YES;
				GCC_WARN_UNINITIALIZED_AUTOS = YES_AGGRESSIVE;
				GCC_WARN_UNUSED_FUNCTION = YES;
				GCC_WARN_UNUSED_VARIABLE = YES;
				IPHONEOS_DEPLOYMENT_TARGET = 13.2;
				MTL_ENABLE_DEBUG_INFO = INCLUDE_SOURCE;
				MTL_FAST_MATH = YES;
				ONLY_ACTIVE_ARCH = YES;
				SDKROOT = iphoneos;
				SWIFT_ACTIVE_COMPILATION_CONDITIONS = DEBUG;
				SWIFT_OPTIMIZATION_LEVEL = "-Onone";
			};
			name = Debug;
		};
		EC54B26C23D6FB7900E72341 /* Release */ = {
			isa = XCBuildConfiguration;
			buildSettings = {
				ALWAYS_SEARCH_USER_PATHS = NO;
				CLANG_ANALYZER_NONNULL = YES;
				CLANG_ANALYZER_NUMBER_OBJECT_CONVERSION = YES_AGGRESSIVE;
				CLANG_CXX_LANGUAGE_STANDARD = "gnu++14";
				CLANG_CXX_LIBRARY = "libc++";
				CLANG_ENABLE_MODULES = YES;
				CLANG_ENABLE_OBJC_ARC = YES;
				CLANG_ENABLE_OBJC_WEAK = YES;
				CLANG_WARN_BLOCK_CAPTURE_AUTORELEASING = YES;
				CLANG_WARN_BOOL_CONVERSION = YES;
				CLANG_WARN_COMMA = YES;
				CLANG_WARN_CONSTANT_CONVERSION = YES;
				CLANG_WARN_DEPRECATED_OBJC_IMPLEMENTATIONS = YES;
				CLANG_WARN_DIRECT_OBJC_ISA_USAGE = YES_ERROR;
				CLANG_WARN_DOCUMENTATION_COMMENTS = YES;
				CLANG_WARN_EMPTY_BODY = YES;
				CLANG_WARN_ENUM_CONVERSION = YES;
				CLANG_WARN_INFINITE_RECURSION = YES;
				CLANG_WARN_INT_CONVERSION = YES;
				CLANG_WARN_NON_LITERAL_NULL_CONVERSION = YES;
				CLANG_WARN_OBJC_IMPLICIT_RETAIN_SELF = YES;
				CLANG_WARN_OBJC_LITERAL_CONVERSION = YES;
				CLANG_WARN_OBJC_ROOT_CLASS = YES_ERROR;
				CLANG_WARN_RANGE_LOOP_ANALYSIS = YES;
				CLANG_WARN_STRICT_PROTOTYPES = YES;
				CLANG_WARN_SUSPICIOUS_MOVE = YES;
				CLANG_WARN_UNGUARDED_AVAILABILITY = YES_AGGRESSIVE;
				CLANG_WARN_UNREACHABLE_CODE = YES;
				CLANG_WARN__DUPLICATE_METHOD_MATCH = YES;
				COPY_PHASE_STRIP = NO;
				DEBUG_INFORMATION_FORMAT = "dwarf-with-dsym";
				ENABLE_NS_ASSERTIONS = NO;
				ENABLE_STRICT_OBJC_MSGSEND = YES;
				GCC_C_LANGUAGE_STANDARD = gnu11;
				GCC_NO_COMMON_BLOCKS = YES;
				GCC_WARN_64_TO_32_BIT_CONVERSION = YES;
				GCC_WARN_ABOUT_RETURN_TYPE = YES_ERROR;
				GCC_WARN_UNDECLARED_SELECTOR = YES;
				GCC_WARN_UNINITIALIZED_AUTOS = YES_AGGRESSIVE;
				GCC_WARN_UNUSED_FUNCTION = YES;
				GCC_WARN_UNUSED_VARIABLE = YES;
				IPHONEOS_DEPLOYMENT_TARGET = 13.2;
				MTL_ENABLE_DEBUG_INFO = NO;
				MTL_FAST_MATH = YES;
				SDKROOT = iphoneos;
				SWIFT_COMPILATION_MODE = wholemodule;
				SWIFT_OPTIMIZATION_LEVEL = "-O";
				VALIDATE_PRODUCT = YES;
			};
			name = Release;
		};
		EC54B26E23D6FB7900E72341 /* Debug */ = {
			isa = XCBuildConfiguration;
			baseConfigurationReference = 84A9D7D5711EB15CC4CBCBC7 /* Pods-projetIOS.debug.xcconfig */;
			buildSettings = {
				ASSETCATALOG_COMPILER_APPICON_NAME = AppIcon;
				CODE_SIGN_STYLE = Automatic;
				DEBUG_INFORMATION_FORMAT = "dwarf-with-dsym";
				INFOPLIST_FILE = projetIOS/Info.plist;
				LD_RUNPATH_SEARCH_PATHS = (
					"$(inherited)",
					"@executable_path/Frameworks",
				);
				PRODUCT_BUNDLE_IDENTIFIER = com.jger.projetIOS;
				PRODUCT_NAME = "$(TARGET_NAME)";
				SWIFT_VERSION = 5.0;
				TARGETED_DEVICE_FAMILY = "1,2";
			};
			name = Debug;
		};
		EC54B26F23D6FB7900E72341 /* Release */ = {
			isa = XCBuildConfiguration;
			baseConfigurationReference = 1664D47220FB04339E46104D /* Pods-projetIOS.release.xcconfig */;
			buildSettings = {
				ASSETCATALOG_COMPILER_APPICON_NAME = AppIcon;
				CODE_SIGN_STYLE = Automatic;
				INFOPLIST_FILE = projetIOS/Info.plist;
				LD_RUNPATH_SEARCH_PATHS = (
					"$(inherited)",
					"@executable_path/Frameworks",
				);
				PRODUCT_BUNDLE_IDENTIFIER = com.jger.projetIOS;
				PRODUCT_NAME = "$(TARGET_NAME)";
				SWIFT_VERSION = 5.0;
				TARGETED_DEVICE_FAMILY = "1,2";
			};
			name = Release;
		};
		EC54B27123D6FB7900E72341 /* Debug */ = {
			isa = XCBuildConfiguration;
			baseConfigurationReference = 2CCE900720C99C4489F5648D /* Pods-projetIOSTests.debug.xcconfig */;
			buildSettings = {
				ALWAYS_EMBED_SWIFT_STANDARD_LIBRARIES = YES;
				BUNDLE_LOADER = "$(TEST_HOST)";
				CODE_SIGN_STYLE = Automatic;
				INFOPLIST_FILE = projetIOSTests/Info.plist;
				IPHONEOS_DEPLOYMENT_TARGET = 13.2;
				LD_RUNPATH_SEARCH_PATHS = (
					"$(inherited)",
					"@executable_path/Frameworks",
					"@loader_path/Frameworks",
				);
				PRODUCT_BUNDLE_IDENTIFIER = com.jger.projetIOSTests;
				PRODUCT_NAME = "$(TARGET_NAME)";
				SWIFT_VERSION = 5.0;
				TARGETED_DEVICE_FAMILY = "1,2";
				TEST_HOST = "$(BUILT_PRODUCTS_DIR)/projetIOS.app/projetIOS";
			};
			name = Debug;
		};
		EC54B27223D6FB7900E72341 /* Release */ = {
			isa = XCBuildConfiguration;
			baseConfigurationReference = 8A6D1109703824A1497C06BB /* Pods-projetIOSTests.release.xcconfig */;
			buildSettings = {
				ALWAYS_EMBED_SWIFT_STANDARD_LIBRARIES = YES;
				BUNDLE_LOADER = "$(TEST_HOST)";
				CODE_SIGN_STYLE = Automatic;
				INFOPLIST_FILE = projetIOSTests/Info.plist;
				IPHONEOS_DEPLOYMENT_TARGET = 13.2;
				LD_RUNPATH_SEARCH_PATHS = (
					"$(inherited)",
					"@executable_path/Frameworks",
					"@loader_path/Frameworks",
				);
				PRODUCT_BUNDLE_IDENTIFIER = com.jger.projetIOSTests;
				PRODUCT_NAME = "$(TARGET_NAME)";
				SWIFT_VERSION = 5.0;
				TARGETED_DEVICE_FAMILY = "1,2";
				TEST_HOST = "$(BUILT_PRODUCTS_DIR)/projetIOS.app/projetIOS";
			};
			name = Release;
		};
		EC54B27423D6FB7900E72341 /* Debug */ = {
			isa = XCBuildConfiguration;
			baseConfigurationReference = BD4058CA7DCEEB280B651A7E /* Pods-projetIOS-projetIOSUITests.debug.xcconfig */;
			buildSettings = {
				ALWAYS_EMBED_SWIFT_STANDARD_LIBRARIES = YES;
				CODE_SIGN_STYLE = Automatic;
				INFOPLIST_FILE = projetIOSUITests/Info.plist;
				LD_RUNPATH_SEARCH_PATHS = (
					"$(inherited)",
					"@executable_path/Frameworks",
					"@loader_path/Frameworks",
				);
				PRODUCT_BUNDLE_IDENTIFIER = com.jger.projetIOSUITests;
				PRODUCT_NAME = "$(TARGET_NAME)";
				SWIFT_VERSION = 5.0;
				TARGETED_DEVICE_FAMILY = "1,2";
				TEST_TARGET_NAME = projetIOS;
			};
			name = Debug;
		};
		EC54B27523D6FB7900E72341 /* Release */ = {
			isa = XCBuildConfiguration;
			baseConfigurationReference = DF54CBCEF157BEEEB2BE54EB /* Pods-projetIOS-projetIOSUITests.release.xcconfig */;
			buildSettings = {
				ALWAYS_EMBED_SWIFT_STANDARD_LIBRARIES = YES;
				CODE_SIGN_STYLE = Automatic;
				INFOPLIST_FILE = projetIOSUITests/Info.plist;
				LD_RUNPATH_SEARCH_PATHS = (
					"$(inherited)",
					"@executable_path/Frameworks",
					"@loader_path/Frameworks",
				);
				PRODUCT_BUNDLE_IDENTIFIER = com.jger.projetIOSUITests;
				PRODUCT_NAME = "$(TARGET_NAME)";
				SWIFT_VERSION = 5.0;
				TARGETED_DEVICE_FAMILY = "1,2";
				TEST_TARGET_NAME = projetIOS;
			};
			name = Release;
		};
/* End XCBuildConfiguration section */

/* Begin XCConfigurationList section */
		EC54B23E23D6FB7600E72341 /* Build configuration list for PBXProject "projetIOS" */ = {
			isa = XCConfigurationList;
			buildConfigurations = (
				EC54B26B23D6FB7900E72341 /* Debug */,
				EC54B26C23D6FB7900E72341 /* Release */,
			);
			defaultConfigurationIsVisible = 0;
			defaultConfigurationName = Release;
		};
		EC54B26D23D6FB7900E72341 /* Build configuration list for PBXNativeTarget "projetIOS" */ = {
			isa = XCConfigurationList;
			buildConfigurations = (
				EC54B26E23D6FB7900E72341 /* Debug */,
				EC54B26F23D6FB7900E72341 /* Release */,
			);
			defaultConfigurationIsVisible = 0;
			defaultConfigurationName = Release;
		};
		EC54B27023D6FB7900E72341 /* Build configuration list for PBXNativeTarget "projetIOSTests" */ = {
			isa = XCConfigurationList;
			buildConfigurations = (
				EC54B27123D6FB7900E72341 /* Debug */,
				EC54B27223D6FB7900E72341 /* Release */,
			);
			defaultConfigurationIsVisible = 0;
			defaultConfigurationName = Release;
		};
		EC54B27323D6FB7900E72341 /* Build configuration list for PBXNativeTarget "projetIOSUITests" */ = {
			isa = XCConfigurationList;
			buildConfigurations = (
				EC54B27423D6FB7900E72341 /* Debug */,
				EC54B27523D6FB7900E72341 /* Release */,
			);
			defaultConfigurationIsVisible = 0;
			defaultConfigurationName = Release;
		};
/* End XCConfigurationList section */
	};
	rootObject = EC54B23B23D6FB7600E72341 /* Project object */;
}
